{
  "name": "mutation-experiment",
  "version": "1.0.0",
  "lockfileVersion": 3,
  "requires": true,
  "packages": {
    "": {
      "name": "mutation-experiment",
      "version": "1.0.0",
      "license": "ISC",
      "dependencies": {
        "ses": "^1.14.0"
      }
    },
    "node_modules/@endo/cache-map": {
      "version": "1.1.0",
      "resolved": "https://registry.npmjs.org/@endo/cache-map/-/cache-map-1.1.0.tgz",
      "integrity": "sha512-owFGshs/97PDw9oguZqU/px8Lv1d0KjAUtDUiPwKHNXRVUE/jyettEbRoTbNJR1OaI8biMn6bHr9kVJsOh6dXw==",
      "license": "Apache-2.0"
    },
    "node_modules/@endo/env-options": {
      "version": "1.1.11",
      "resolved": "https://registry.npmjs.org/@endo/env-options/-/env-options-1.1.11.tgz",
      "integrity": "sha512-p9OnAPsdqoX4YJsE98e3NBVhIr2iW9gNZxHhAI2/Ul5TdRfoOViItzHzTqrgUVopw6XxA1u1uS6CykLMDUxarA==",
      "license": "Apache-2.0"
    },
    "node_modules/@endo/immutable-arraybuffer": {
      "version": "1.1.2",
      "resolved": "https://registry.npmjs.org/@endo/immutable-arraybuffer/-/immutable-arraybuffer-1.1.2.tgz",
      "integrity": "sha512-u+NaYB2aqEugQ3u7w3c5QNkPogf8q/xGgsPaqdY6pUiGWtYiTiFspKFcha6+oeZhWXWQ23rf0KrUq0kfuzqYyQ==",
      "license": "Apache-2.0"
    },
    "node_modules/ses": {
      "version": "1.14.0",
      "resolved": "https://registry.npmjs.org/ses/-/ses-1.14.0.tgz",
      "integrity": "sha512-T07hNgOfVRTLZGwSS50RnhqrG3foWP+rM+Q5Du4KUQyMLFI3A8YA4RKl0jjZzhihC1ZvDGrWi/JMn4vqbgr/Jg==",
      "license": "Apache-2.0",
      "dependencies": {
        "@endo/cache-map": "^1.1.0",
        "@endo/env-options": "^1.1.11",
        "@endo/immutable-arraybuffer": "^1.1.2"
      }
    }
  }
}
